{
  "version": 4,
  "terraform_version": "1.9.3",
  "serial": 3,
  "lineage": "52cc1f88-b259-fca1-3256-18ae3dfe5bc1",
  "outputs": {},
  "resources": [
    {
      "module": "module.ResourceGroup",
      "mode": "managed",
      "type": "azurerm_resource_group",
      "name": "base-rg",
      "provider": "provider[\"registry.terraform.io/hashicorp/azurerm\"]",
      "instances": [
        {
          "schema_version": 0,
          "attributes": {
            "id": "/subscriptions/df0a020f-3e1c-4b42-938f-165c9c7f96ce/resourceGroups/test-resource-groupRG",
            "location": "swedencentral",
            "managed_by": "",
            "name": "test-resource-groupRG",
            "tags": {
              "enviroment": "test"
            },
            "timeouts": null
          },
          "sensitive_attributes": [],
          "private": "eyJlMmJmYjczMC1lY2FhLTExZTYtOGY4OC0zNDM2M2JjN2M0YzAiOnsiY3JlYXRlIjo1NDAwMDAwMDAwMDAwLCJkZWxldGUiOjU0MDAwMDAwMDAwMDAsInJlYWQiOjMwMDAwMDAwMDAwMCwidXBkYXRlIjo1NDAwMDAwMDAwMDAwfX0="
        }
      ]
    }
  ],
  "check_results": null
}
